
Microsoft Visual Studio Solution File, Format Version 12.00
# Visual Studio Version 16
VisualStudioVersion = 16.0.29519.181
MinimumVisualStudioVersion = 10.0.40219.1
Project("{888888A0-9F3D-457C-B088-3A5042F75D52}") = "helloworld", "helloworld.pyproj", "{AFEC1134-3D71-4BFF-B002-BB55D815AD7B}"
EndProject
Global
	GlobalSection(SolutionConfigurationPlatforms) = preSolution
		Debug|Any CPU = Debug|Any CPU
		Release|Any CPU = Release|Any CPU
	EndGlobalSection
	GlobalSection(ProjectConfigurationPlatforms) = postSolution
		{AFEC1134-3D71-4BFF-B002-BB55D815AD7B}.Debug|Any CPU.ActiveCfg = Debug|Any CPU
		{AFEC1134-3D71-4BFF-B002-BB55D815AD7B}.Release|Any CPU.ActiveCfg = Release|Any CPU
	EndGlobalSection
	GlobalSection(SolutionProperties) = preSolution
		HideSolutionNode = FALSE
	EndGlobalSection
	GlobalSection(ExtensibilityGlobals) = postSolution
		SolutionGuid = {D7302684-9FA1-4C44-AC99-D50B778B3069}
	EndGlobalSection
EndGlobal
