
Microsoft Visual Studio Solution File, Format Version 12.00
# Visual Studio Version 16
VisualStudioVersion = 16.0.29709.97
MinimumVisualStudioVersion = 10.0.40219.1
Project("{888888A0-9F3D-457C-B088-3A5042F75D52}") = "statistics", "statistics.pyproj", "{C4B5DC12-42BD-4806-93AE-BA99EB65AA85}"
EndProject
Global
	GlobalSection(SolutionConfigurationPlatforms) = preSolution
		Debug|Any CPU = Debug|Any CPU
		Release|Any CPU = Release|Any CPU
	EndGlobalSection
	GlobalSection(ProjectConfigurationPlatforms) = postSolution
		{C4B5DC12-42BD-4806-93AE-BA99EB65AA85}.Debug|Any CPU.ActiveCfg = Debug|Any CPU
		{C4B5DC12-42BD-4806-93AE-BA99EB65AA85}.Release|Any CPU.ActiveCfg = Release|Any CPU
	EndGlobalSection
	GlobalSection(SolutionProperties) = preSolution
		HideSolutionNode = FALSE
	EndGlobalSection
	GlobalSection(ExtensibilityGlobals) = postSolution
		SolutionGuid = {A21F73E4-4464-4577-9301-4E5E80DFBD2E}
	EndGlobalSection
EndGlobal
